
Microsoft Visual Studio Solution File, Format Version 12.00
# Visual Studio Version 17
VisualStudioVersion = 17.5.33502.453
MinimumVisualStudioVersion = 10.0.40219.1
Project("{9A19103F-16F7-4668-BE54-9A1E7A4F7556}") = "GrpcGreeterClient", "GrpcGreeterClient\GrpcGreeterClient.csproj", "{2A96BC7F-5240-4372-8771-31ABFC579F71}"
EndProject
Project("{2150E333-8FDC-42A3-9474-1A3956D46DE8}") = "Solution Items", "Solution Items", "{D554BD36-D6F3-459F-9E2A-771108AA1BB7}"
	ProjectSection(SolutionItems) = preProject
		.editorconfig = .editorconfig
	EndProjectSection
EndProject
Global
	GlobalSection(SolutionConfigurationPlatforms) = preSolution
		Debug|Any CPU = Debug|Any CPU
		Release|Any CPU = Release|Any CPU
	EndGlobalSection
	GlobalSection(ProjectConfigurationPlatforms) = postSolution
		{2A96BC7F-5240-4372-8771-31ABFC579F71}.Debug|Any CPU.ActiveCfg = Debug|Any CPU
		{2A96BC7F-5240-4372-8771-31ABFC579F71}.Debug|Any CPU.Build.0 = Debug|Any CPU
		{2A96BC7F-5240-4372-8771-31ABFC579F71}.Release|Any CPU.ActiveCfg = Release|Any CPU
		{2A96BC7F-5240-4372-8771-31ABFC579F71}.Release|Any CPU.Build.0 = Release|Any CPU
	EndGlobalSection
	GlobalSection(SolutionProperties) = preSolution
		HideSolutionNode = FALSE
	EndGlobalSection
	GlobalSection(ExtensibilityGlobals) = postSolution
		SolutionGuid = {CA3930EF-DE34-48EB-B112-72740B6A6453}
	EndGlobalSection
EndGlobal
