
Microsoft Visual Studio Solution File, Format Version 12.00
# Visual Studio Version 17
VisualStudioVersion = 17.5.33530.505
MinimumVisualStudioVersion = 10.0.40219.1
Project("{FAE04EC0-301F-11D3-BF4B-00C04F79EFBC}") = "WcfService", "WcfService\WcfService.csproj", "{CF5741BD-D08A-466F-AE15-F5E69E40E842}"
EndProject
Project("{FAE04EC0-301F-11D3-BF4B-00C04F79EFBC}") = "WcfServiceHost", "WcfServiceHost\WcfServiceHost.csproj", "{1276AFE4-37C1-4A12-B7F3-7DC847BC1A59}"
EndProject
Global
	GlobalSection(SolutionConfigurationPlatforms) = preSolution
		Debug|Any CPU = Debug|Any CPU
		Release|Any CPU = Release|Any CPU
	EndGlobalSection
	GlobalSection(ProjectConfigurationPlatforms) = postSolution
		{CF5741BD-D08A-466F-AE15-F5E69E40E842}.Debug|Any CPU.ActiveCfg = Debug|Any CPU
		{CF5741BD-D08A-466F-AE15-F5E69E40E842}.Debug|Any CPU.Build.0 = Debug|Any CPU
		{CF5741BD-D08A-466F-AE15-F5E69E40E842}.Release|Any CPU.ActiveCfg = Release|Any CPU
		{CF5741BD-D08A-466F-AE15-F5E69E40E842}.Release|Any CPU.Build.0 = Release|Any CPU
		{1276AFE4-37C1-4A12-B7F3-7DC847BC1A59}.Debug|Any CPU.ActiveCfg = Debug|Any CPU
		{1276AFE4-37C1-4A12-B7F3-7DC847BC1A59}.Debug|Any CPU.Build.0 = Debug|Any CPU
		{1276AFE4-37C1-4A12-B7F3-7DC847BC1A59}.Release|Any CPU.ActiveCfg = Release|Any CPU
		{1276AFE4-37C1-4A12-B7F3-7DC847BC1A59}.Release|Any CPU.Build.0 = Release|Any CPU
	EndGlobalSection
	GlobalSection(SolutionProperties) = preSolution
		HideSolutionNode = FALSE
	EndGlobalSection
	GlobalSection(ExtensibilityGlobals) = postSolution
		SolutionGuid = {868CA471-732E-478C-BC10-C923038BBF88}
	EndGlobalSection
EndGlobal
