
Microsoft Visual Studio Solution File, Format Version 12.00
# Visual Studio Version 17
VisualStudioVersion = 17.5.33502.453
MinimumVisualStudioVersion = 10.0.40219.1
Project("{FAE04EC0-301F-11D3-BF4B-00C04F79EFBC}") = "WcfClient", "WcfClient.csproj", "{E67BF3A2-BCBB-410A-826F-2125F3150DF4}"
EndProject
Global
	GlobalSection(SolutionConfigurationPlatforms) = preSolution
		Debug|Any CPU = Debug|Any CPU
		Release|Any CPU = Release|Any CPU
	EndGlobalSection
	GlobalSection(ProjectConfigurationPlatforms) = postSolution
		{E67BF3A2-BCBB-410A-826F-2125F3150DF4}.Debug|Any CPU.ActiveCfg = Debug|Any CPU
		{E67BF3A2-BCBB-410A-826F-2125F3150DF4}.Debug|Any CPU.Build.0 = Debug|Any CPU
		{E67BF3A2-BCBB-410A-826F-2125F3150DF4}.Release|Any CPU.ActiveCfg = Release|Any CPU
		{E67BF3A2-BCBB-410A-826F-2125F3150DF4}.Release|Any CPU.Build.0 = Release|Any CPU
	EndGlobalSection
	GlobalSection(SolutionProperties) = preSolution
		HideSolutionNode = FALSE
	EndGlobalSection
	GlobalSection(ExtensibilityGlobals) = postSolution
		SolutionGuid = {A9CD4883-429A-4C64-8380-F1E1AEA0ABB1}
	EndGlobalSection
EndGlobal
