
Microsoft Visual Studio Solution File, Format Version 12.00
# Visual Studio Version 16
VisualStudioVersion = 16.0.33529.622
MinimumVisualStudioVersion = 10.0.40219.1
Project("{FAE04EC0-301F-11D3-BF4B-00C04F79EFBC}") = "Client", "Client\Client.csproj", "{56782C13-7CAB-4B30-8C32-EEE702F84471}"
EndProject
Global
	GlobalSection(SolutionConfigurationPlatforms) = preSolution
		Debug|Any CPU = Debug|Any CPU
		Release|Any CPU = Release|Any CPU
	EndGlobalSection
	GlobalSection(ProjectConfigurationPlatforms) = postSolution
		{56782C13-7CAB-4B30-8C32-EEE702F84471}.Debug|Any CPU.ActiveCfg = Debug|Any CPU
		{56782C13-7CAB-4B30-8C32-EEE702F84471}.Debug|Any CPU.Build.0 = Debug|Any CPU
		{56782C13-7CAB-4B30-8C32-EEE702F84471}.Release|Any CPU.ActiveCfg = Release|Any CPU
		{56782C13-7CAB-4B30-8C32-EEE702F84471}.Release|Any CPU.Build.0 = Release|Any CPU
	EndGlobalSection
	GlobalSection(SolutionProperties) = preSolution
		HideSolutionNode = FALSE
	EndGlobalSection
	GlobalSection(ExtensibilityGlobals) = postSolution
		SolutionGuid = {9317F168-AD27-41E5-9CEE-87F48DC0D121}
	EndGlobalSection
EndGlobal
